
Microsoft Visual Studio Solution File, Format Version 12.00
Project("{FAE04EC0-301F-11D3-BF4B-00C04F79EFBC}") = "task3", "task3\task3.csproj", "{BABDA5A1-4456-499B-904F-46644CF4826A}"
EndProject
Global
	GlobalSection(SolutionConfigurationPlatforms) = preSolution
		Debug|Any CPU = Debug|Any CPU
		Release|Any CPU = Release|Any CPU
	EndGlobalSection
	GlobalSection(ProjectConfigurationPlatforms) = postSolution
		{BABDA5A1-4456-499B-904F-46644CF4826A}.Debug|Any CPU.ActiveCfg = Debug|Any CPU
		{BABDA5A1-4456-499B-904F-46644CF4826A}.Debug|Any CPU.Build.0 = Debug|Any CPU
		{BABDA5A1-4456-499B-904F-46644CF4826A}.Release|Any CPU.ActiveCfg = Release|Any CPU
		{BABDA5A1-4456-499B-904F-46644CF4826A}.Release|Any CPU.Build.0 = Release|Any CPU
	EndGlobalSection
EndGlobal
